
Microsoft Visual Studio Solution File, Format Version 12.00
# Visual Studio Version 17
VisualStudioVersion = 17.14.36623.8 d17.14
MinimumVisualStudioVersion = 10.0.40219.1
Project("{FAE04EC0-301F-11D3-BF4B-00C04F79EFBC}") = "ChatBotSmartAI", "ChatBotSmartAI\ChatBotSmartAI.csproj", "{51F3F906-B31A-4DE0-836A-12876D286796}"
EndProject
Global
	GlobalSection(SolutionConfigurationPlatforms) = preSolution
		Debug|Any CPU = Debug|Any CPU
		Release|Any CPU = Release|Any CPU
	EndGlobalSection
	GlobalSection(ProjectConfigurationPlatforms) = postSolution
		{51F3F906-B31A-4DE0-836A-12876D286796}.Debug|Any CPU.ActiveCfg = Debug|Any CPU
		{51F3F906-B31A-4DE0-836A-12876D286796}.Debug|Any CPU.Build.0 = Debug|Any CPU
		{51F3F906-B31A-4DE0-836A-12876D286796}.Release|Any CPU.ActiveCfg = Release|Any CPU
		{51F3F906-B31A-4DE0-836A-12876D286796}.Release|Any CPU.Build.0 = Release|Any CPU
	EndGlobalSection
	GlobalSection(SolutionProperties) = preSolution
		HideSolutionNode = FALSE
	EndGlobalSection
	GlobalSection(ExtensibilityGlobals) = postSolution
		SolutionGuid = {84780A78-2B27-4BE0-A71F-024E59F5D932}
	EndGlobalSection
EndGlobal
